
Microsoft Visual Studio Solution File, Format Version 12.00
# Visual Studio 15
VisualStudioVersion = 15.0.27130.2027
MinimumVisualStudioVersion = 10.0.40219.1
Project("{FAE04EC0-301F-11D3-BF4B-00C04F79EFBC}") = "hashcode-2018-qualification", "hashcode-2018-qualification\hashcode-2018-qualification.csproj", "{A8D81AEB-B7C3-4B16-80AE-B03076B7CE98}"
EndProject
Global
	GlobalSection(SolutionConfigurationPlatforms) = preSolution
		Debug|Any CPU = Debug|Any CPU
		Release|Any CPU = Release|Any CPU
	EndGlobalSection
	GlobalSection(ProjectConfigurationPlatforms) = postSolution
		{A8D81AEB-B7C3-4B16-80AE-B03076B7CE98}.Debug|Any CPU.ActiveCfg = Debug|Any CPU
		{A8D81AEB-B7C3-4B16-80AE-B03076B7CE98}.Debug|Any CPU.Build.0 = Debug|Any CPU
		{A8D81AEB-B7C3-4B16-80AE-B03076B7CE98}.Release|Any CPU.ActiveCfg = Release|Any CPU
		{A8D81AEB-B7C3-4B16-80AE-B03076B7CE98}.Release|Any CPU.Build.0 = Release|Any CPU
	EndGlobalSection
	GlobalSection(SolutionProperties) = preSolution
		HideSolutionNode = FALSE
	EndGlobalSection
	GlobalSection(ExtensibilityGlobals) = postSolution
		SolutionGuid = {F91E449D-6948-4C93-AA29-1D374D2C8522}
	EndGlobalSection
EndGlobal
